
Microsoft Visual Studio Solution File, Format Version 12.00
# Visual Studio Version 17
VisualStudioVersion = 17.7.34003.232
MinimumVisualStudioVersion = 10.0.40219.1
Project("{FAE04EC0-301F-11D3-BF4B-00C04F79EFBC}") = "EEPlusExcelApp", "EEPlusExcelApp\EEPlusExcelApp.csproj", "{BC5E2D2C-876A-4D4D-A0F4-B2D33BE3FB96}"
EndProject
Global
	GlobalSection(SolutionConfigurationPlatforms) = preSolution
		Debug|Any CPU = Debug|Any CPU
		Release|Any CPU = Release|Any CPU
	EndGlobalSection
	GlobalSection(ProjectConfigurationPlatforms) = postSolution
		{BC5E2D2C-876A-4D4D-A0F4-B2D33BE3FB96}.Debug|Any CPU.ActiveCfg = Debug|Any CPU
		{BC5E2D2C-876A-4D4D-A0F4-B2D33BE3FB96}.Debug|Any CPU.Build.0 = Debug|Any CPU
		{BC5E2D2C-876A-4D4D-A0F4-B2D33BE3FB96}.Release|Any CPU.ActiveCfg = Release|Any CPU
		{BC5E2D2C-876A-4D4D-A0F4-B2D33BE3FB96}.Release|Any CPU.Build.0 = Release|Any CPU
	EndGlobalSection
	GlobalSection(SolutionProperties) = preSolution
		HideSolutionNode = FALSE
	EndGlobalSection
	GlobalSection(ExtensibilityGlobals) = postSolution
		SolutionGuid = {A8C20511-F08B-4452-BE92-251C698CC707}
	EndGlobalSection
EndGlobal
